// !$*UTF8*$!
{
	archiveVersion = 1;
	classes = {
	};
	objectVersion = 56;
	objects = {

/* Begin PBXBuildFile section */
		A90610862B631ED500EE61D2 /* AppDelegate.swift in Sources */ = {isa = PBXBuildFile; fileRef = A90610852B631ED500EE61D2 /* AppDelegate.swift */; };
		A90610882B631ED500EE61D2 /* SceneDelegate.swift in Sources */ = {isa = PBXBuildFile; fileRef = A90610872B631ED500EE61D2 /* SceneDelegate.swift */; };
		A906108A2B631ED500EE61D2 /* LoginViewController.swift in Sources */ = {isa = PBXBuildFile; fileRef = A90610892B631ED500EE61D2 /* LoginViewController.swift */; };
		A906108D2B631ED500EE61D2 /* Main.storyboard in Resources */ = {isa = PBXBuildFile; fileRef = A906108B2B631ED500EE61D2 /* Main.storyboard */; };
		A90610902B631ED500EE61D2 /* RetoSoftekMovies.xcdatamodeld in Sources */ = {isa = PBXBuildFile; fileRef = A906108E2B631ED500EE61D2 /* RetoSoftekMovies.xcdatamodeld */; };
		A90610922B631ED700EE61D2 /* Assets.xcassets in Resources */ = {isa = PBXBuildFile; fileRef = A90610912B631ED700EE61D2 /* Assets.xcassets */; };
		A90610952B631ED700EE61D2 /* LaunchScreen.storyboard in Resources */ = {isa = PBXBuildFile; fileRef = A90610932B631ED700EE61D2 /* LaunchScreen.storyboard */; };
		A90610A02B631ED700EE61D2 /* RetoSoftekMoviesTests.swift in Sources */ = {isa = PBXBuildFile; fileRef = A906109F2B631ED700EE61D2 /* RetoSoftekMoviesTests.swift */; };
		A90610AA2B631ED700EE61D2 /* RetoSoftekMoviesUITests.swift in Sources */ = {isa = PBXBuildFile; fileRef = A90610A92B631ED700EE61D2 /* RetoSoftekMoviesUITests.swift */; };
		A90610AC2B631ED700EE61D2 /* RetoSoftekMoviesUITestsLaunchTests.swift in Sources */ = {isa = PBXBuildFile; fileRef = A90610AB2B631ED700EE61D2 /* RetoSoftekMoviesUITestsLaunchTests.swift */; };
		A90610BA2B63257F00EE61D2 /* Alamofire in Frameworks */ = {isa = PBXBuildFile; productRef = A90610B92B63257F00EE61D2 /* Alamofire */; };
		A90610BD2B63259C00EE61D2 /* MBProgressHUD in Frameworks */ = {isa = PBXBuildFile; productRef = A90610BC2B63259C00EE61D2 /* MBProgressHUD */; };
		A90610C02B6325B300EE61D2 /* Kingfisher in Frameworks */ = {isa = PBXBuildFile; productRef = A90610BF2B6325B300EE61D2 /* Kingfisher */; };
		A90610CA2B63389300EE61D2 /* UserModel.swift in Sources */ = {isa = PBXBuildFile; fileRef = A90610C92B63389300EE61D2 /* UserModel.swift */; };
		A90610CE2B634B2700EE61D2 /* LoginViewProtocol.swift in Sources */ = {isa = PBXBuildFile; fileRef = A90610CD2B634B2700EE61D2 /* LoginViewProtocol.swift */; };
		A90610D02B634C0600EE61D2 /* LoginInteractor.swift in Sources */ = {isa = PBXBuildFile; fileRef = A90610CF2B634C0600EE61D2 /* LoginInteractor.swift */; };
		A90610D22B634C1100EE61D2 /* LoginInteractorProtocol.swift in Sources */ = {isa = PBXBuildFile; fileRef = A90610D12B634C1100EE61D2 /* LoginInteractorProtocol.swift */; };
		A90610D52B634C8E00EE61D2 /* UserRequest.swift in Sources */ = {isa = PBXBuildFile; fileRef = A90610D42B634C8E00EE61D2 /* UserRequest.swift */; };
		A90610D72B634D6D00EE61D2 /* LoginPresenter.swift in Sources */ = {isa = PBXBuildFile; fileRef = A90610D62B634D6D00EE61D2 /* LoginPresenter.swift */; };
		A90610D92B634D7600EE61D2 /* LoginPresenterProtocol.swift in Sources */ = {isa = PBXBuildFile; fileRef = A90610D82B634D7600EE61D2 /* LoginPresenterProtocol.swift */; };
		A90610DC2B634E0A00EE61D2 /* LoginRouter.swift in Sources */ = {isa = PBXBuildFile; fileRef = A90610DB2B634E0A00EE61D2 /* LoginRouter.swift */; };
		A90610DE2B634E1600EE61D2 /* LoginRouterProtocol.swift in Sources */ = {isa = PBXBuildFile; fileRef = A90610DD2B634E1600EE61D2 /* LoginRouterProtocol.swift */; };
		A90610E12B63500D00EE61D2 /* MoviesAssembly.swift in Sources */ = {isa = PBXBuildFile; fileRef = A90610E02B63500D00EE61D2 /* MoviesAssembly.swift */; };
		A90610E42B63511900EE61D2 /* Movies.storyboard in Resources */ = {isa = PBXBuildFile; fileRef = A90610E32B63511900EE61D2 /* Movies.storyboard */; };
		A90610E82B6351FA00EE61D2 /* MoviesViewController.swift in Sources */ = {isa = PBXBuildFile; fileRef = A90610E72B6351FA00EE61D2 /* MoviesViewController.swift */; };
		A90610EA2B6354DB00EE61D2 /* LoginConfigurator.swift in Sources */ = {isa = PBXBuildFile; fileRef = A90610E92B6354DB00EE61D2 /* LoginConfigurator.swift */; };
		A90610ED2B6354FE00EE61D2 /* LoginConfiguratorProtocol.swift in Sources */ = {isa = PBXBuildFile; fileRef = A90610EC2B6354FE00EE61D2 /* LoginConfiguratorProtocol.swift */; };
		A90610F32B63581400EE61D2 /* LoginAssembly.swift in Sources */ = {isa = PBXBuildFile; fileRef = A90610F22B63581400EE61D2 /* LoginAssembly.swift */; };
		A98954832B641BB00048B954 /* BaseNavigationController.swift in Sources */ = {isa = PBXBuildFile; fileRef = A98954822B641BB00048B954 /* BaseNavigationController.swift */; };
		A98954852B644D390048B954 /* MoviesViewProtocol.swift in Sources */ = {isa = PBXBuildFile; fileRef = A98954842B644D390048B954 /* MoviesViewProtocol.swift */; };
		A98954882B6451A30048B954 /* Constants.swift in Sources */ = {isa = PBXBuildFile; fileRef = A98954872B6451A30048B954 /* Constants.swift */; };
		A9AF72602B64AF4C004AFBCC /* ServiceDataSource.swift in Sources */ = {isa = PBXBuildFile; fileRef = A9AF725F2B64AF4C004AFBCC /* ServiceDataSource.swift */; };
		A9AF72622B64AF5D004AFBCC /* ServiceDataSourceProtocol.swift in Sources */ = {isa = PBXBuildFile; fileRef = A9AF72612B64AF5D004AFBCC /* ServiceDataSourceProtocol.swift */; };
		A9AF72652B64B08D004AFBCC /* DataManager.swift in Sources */ = {isa = PBXBuildFile; fileRef = A9AF72642B64B08D004AFBCC /* DataManager.swift */; };
		A9AF72682B64B0F4004AFBCC /* MoviesResponse.swift in Sources */ = {isa = PBXBuildFile; fileRef = A9AF72672B64B0F4004AFBCC /* MoviesResponse.swift */; };
		A9AF726A2B64B122004AFBCC /* MovieModel.swift in Sources */ = {isa = PBXBuildFile; fileRef = A9AF72692B64B122004AFBCC /* MovieModel.swift */; };
		A9CCAA022B66DC9E001A12D4 /* DetailMovieViewController.swift in Sources */ = {isa = PBXBuildFile; fileRef = A9CCAA012B66DC9E001A12D4 /* DetailMovieViewController.swift */; };
		A9CCAA052B6723B0001A12D4 /* Reachability in Frameworks */ = {isa = PBXBuildFile; productRef = A9CCAA042B6723B0001A12D4 /* Reachability */; };
		A9CCAA082B672E77001A12D4 /* Localizable.strings in Resources */ = {isa = PBXBuildFile; fileRef = A9CCAA0A2B672E77001A12D4 /* Localizable.strings */; };
		A9D008832B65E65E00724084 /* MovieViewModel.swift in Sources */ = {isa = PBXBuildFile; fileRef = A9D008822B65E65E00724084 /* MovieViewModel.swift */; };
		A9D008892B65E7D900724084 /* MoviesPresenter.swift in Sources */ = {isa = PBXBuildFile; fileRef = A9D008882B65E7D900724084 /* MoviesPresenter.swift */; };
		A9D0088B2B65E7ED00724084 /* MoviesPresenterProtocol.swift in Sources */ = {isa = PBXBuildFile; fileRef = A9D0088A2B65E7ED00724084 /* MoviesPresenterProtocol.swift */; };
		A9D0088D2B65E87F00724084 /* MoviesInteractor.swift in Sources */ = {isa = PBXBuildFile; fileRef = A9D0088C2B65E87F00724084 /* MoviesInteractor.swift */; };
		A9D0088F2B65E88A00724084 /* MoviesInteractorProtocol.swift in Sources */ = {isa = PBXBuildFile; fileRef = A9D0088E2B65E88A00724084 /* MoviesInteractorProtocol.swift */; };
		A9D008912B65E9F500724084 /* MoviesRepository.swift in Sources */ = {isa = PBXBuildFile; fileRef = A9D008902B65E9F500724084 /* MoviesRepository.swift */; };
		A9D008932B65EA0400724084 /* MoviesRepositoryProtocol.swift in Sources */ = {isa = PBXBuildFile; fileRef = A9D008922B65EA0400724084 /* MoviesRepositoryProtocol.swift */; };
		A9D008952B65F69400724084 /* ErrorModel.swift in Sources */ = {isa = PBXBuildFile; fileRef = A9D008942B65F69400724084 /* ErrorModel.swift */; };
		A9D008972B65F9F200724084 /* MoviesRouter.swift in Sources */ = {isa = PBXBuildFile; fileRef = A9D008962B65F9F200724084 /* MoviesRouter.swift */; };
		A9D008992B65F9FC00724084 /* MoviesRouterProtocol.swift in Sources */ = {isa = PBXBuildFile; fileRef = A9D008982B65F9FC00724084 /* MoviesRouterProtocol.swift */; };
		A9D0089B2B6600B500724084 /* MoviesConfigurator.swift in Sources */ = {isa = PBXBuildFile; fileRef = A9D0089A2B6600B500724084 /* MoviesConfigurator.swift */; };
		A9D0089D2B6602D700724084 /* MoviesConfiguratorProtocol.swift in Sources */ = {isa = PBXBuildFile; fileRef = A9D0089C2B6602D700724084 /* MoviesConfiguratorProtocol.swift */; };
		A9D008A02B6603D500724084 /* MoviesTableViewCell.swift in Sources */ = {isa = PBXBuildFile; fileRef = A9D0089F2B6603D500724084 /* MoviesTableViewCell.swift */; };
/* End PBXBuildFile section */

/* Begin PBXContainerItemProxy section */
		A906109C2B631ED700EE61D2 /* PBXContainerItemProxy */ = {
			isa = PBXContainerItemProxy;
			containerPortal = A906107A2B631ED500EE61D2 /* Project object */;
			proxyType = 1;
			remoteGlobalIDString = A90610812B631ED500EE61D2;
			remoteInfo = RetoSoftekMovies;
		};
		A90610A62B631ED700EE61D2 /* PBXContainerItemProxy */ = {
			isa = PBXContainerItemProxy;
			containerPortal = A906107A2B631ED500EE61D2 /* Project object */;
			proxyType = 1;
			remoteGlobalIDString = A90610812B631ED500EE61D2;
			remoteInfo = RetoSoftekMovies;
		};
/* End PBXContainerItemProxy section */

/* Begin PBXFileReference section */
		A90610822B631ED500EE61D2 /* RetoSoftekMovies.app */ = {isa = PBXFileReference; explicitFileType = wrapper.application; includeInIndex = 0; path = RetoSoftekMovies.app; sourceTree = BUILT_PRODUCTS_DIR; };
		A90610852B631ED500EE61D2 /* AppDelegate.swift */ = {isa = PBXFileReference; lastKnownFileType = sourcecode.swift; path = AppDelegate.swift; sourceTree = "<group>"; };
		A90610872B631ED500EE61D2 /* SceneDelegate.swift */ = {isa = PBXFileReference; lastKnownFileType = sourcecode.swift; path = SceneDelegate.swift; sourceTree = "<group>"; };
		A90610892B631ED500EE61D2 /* LoginViewController.swift */ = {isa = PBXFileReference; lastKnownFileType = sourcecode.swift; path = LoginViewController.swift; sourceTree = "<group>"; };
		A906108C2B631ED500EE61D2 /* Base */ = {isa = PBXFileReference; lastKnownFileType = file.storyboard; name = Base; path = Base.lproj/Main.storyboard; sourceTree = "<group>"; };
		A906108F2B631ED500EE61D2 /* RetoSoftekMovies.xcdatamodel */ = {isa = PBXFileReference; lastKnownFileType = wrapper.xcdatamodel; path = RetoSoftekMovies.xcdatamodel; sourceTree = "<group>"; };
		A90610912B631ED700EE61D2 /* Assets.xcassets */ = {isa = PBXFileReference; lastKnownFileType = folder.assetcatalog; path = Assets.xcassets; sourceTree = "<group>"; };
		A90610942B631ED700EE61D2 /* Base */ = {isa = PBXFileReference; lastKnownFileType = file.storyboard; name = Base; path = Base.lproj/LaunchScreen.storyboard; sourceTree = "<group>"; };
		A90610962B631ED700EE61D2 /* Info.plist */ = {isa = PBXFileReference; lastKnownFileType = text.plist.xml; path = Info.plist; sourceTree = "<group>"; };
		A906109B2B631ED700EE61D2 /* RetoSoftekMoviesTests.xctest */ = {isa = PBXFileReference; explicitFileType = wrapper.cfbundle; includeInIndex = 0; path = RetoSoftekMoviesTests.xctest; sourceTree = BUILT_PRODUCTS_DIR; };
		A906109F2B631ED700EE61D2 /* RetoSoftekMoviesTests.swift */ = {isa = PBXFileReference; lastKnownFileType = sourcecode.swift; path = RetoSoftekMoviesTests.swift; sourceTree = "<group>"; };
		A90610A52B631ED700EE61D2 /* RetoSoftekMoviesUITests.xctest */ = {isa = PBXFileReference; explicitFileType = wrapper.cfbundle; includeInIndex = 0; path = RetoSoftekMoviesUITests.xctest; sourceTree = BUILT_PRODUCTS_DIR; };
		A90610A92B631ED700EE61D2 /* RetoSoftekMoviesUITests.swift */ = {isa = PBXFileReference; lastKnownFileType = sourcecode.swift; path = RetoSoftekMoviesUITests.swift; sourceTree = "<group>"; };
		A90610AB2B631ED700EE61D2 /* RetoSoftekMoviesUITestsLaunchTests.swift */ = {isa = PBXFileReference; lastKnownFileType = sourcecode.swift; path = RetoSoftekMoviesUITestsLaunchTests.swift; sourceTree = "<group>"; };
		A90610C92B63389300EE61D2 /* UserModel.swift */ = {isa = PBXFileReference; lastKnownFileType = sourcecode.swift; path = UserModel.swift; sourceTree = "<group>"; };
		A90610CD2B634B2700EE61D2 /* LoginViewProtocol.swift */ = {isa = PBXFileReference; lastKnownFileType = sourcecode.swift; path = LoginViewProtocol.swift; sourceTree = "<group>"; };
		A90610CF2B634C0600EE61D2 /* LoginInteractor.swift */ = {isa = PBXFileReference; lastKnownFileType = sourcecode.swift; path = LoginInteractor.swift; sourceTree = "<group>"; };
		A90610D12B634C1100EE61D2 /* LoginInteractorProtocol.swift */ = {isa = PBXFileReference; lastKnownFileType = sourcecode.swift; path = LoginInteractorProtocol.swift; sourceTree = "<group>"; };
		A90610D42B634C8E00EE61D2 /* UserRequest.swift */ = {isa = PBXFileReference; lastKnownFileType = sourcecode.swift; path = UserRequest.swift; sourceTree = "<group>"; };
		A90610D62B634D6D00EE61D2 /* LoginPresenter.swift */ = {isa = PBXFileReference; lastKnownFileType = sourcecode.swift; path = LoginPresenter.swift; sourceTree = "<group>"; };
		A90610D82B634D7600EE61D2 /* LoginPresenterProtocol.swift */ = {isa = PBXFileReference; lastKnownFileType = sourcecode.swift; path = LoginPresenterProtocol.swift; sourceTree = "<group>"; };
		A90610DB2B634E0A00EE61D2 /* LoginRouter.swift */ = {isa = PBXFileReference; lastKnownFileType = sourcecode.swift; path = LoginRouter.swift; sourceTree = "<group>"; };
		A90610DD2B634E1600EE61D2 /* LoginRouterProtocol.swift */ = {isa = PBXFileReference; lastKnownFileType = sourcecode.swift; path = LoginRouterProtocol.swift; sourceTree = "<group>"; };
		A90610E02B63500D00EE61D2 /* MoviesAssembly.swift */ = {isa = PBXFileReference; lastKnownFileType = sourcecode.swift; path = MoviesAssembly.swift; sourceTree = "<group>"; };
		A90610E32B63511900EE61D2 /* Movies.storyboard */ = {isa = PBXFileReference; lastKnownFileType = file.storyboard; path = Movies.storyboard; sourceTree = "<group>"; };
		A90610E72B6351FA00EE61D2 /* MoviesViewController.swift */ = {isa = PBXFileReference; lastKnownFileType = sourcecode.swift; path = MoviesViewController.swift; sourceTree = "<group>"; };
		A90610E92B6354DB00EE61D2 /* LoginConfigurator.swift */ = {isa = PBXFileReference; lastKnownFileType = sourcecode.swift; path = LoginConfigurator.swift; sourceTree = "<group>"; };
		A90610EC2B6354FE00EE61D2 /* LoginConfiguratorProtocol.swift */ = {isa = PBXFileReference; lastKnownFileType = sourcecode.swift; path = LoginConfiguratorProtocol.swift; sourceTree = "<group>"; };
		A90610F22B63581400EE61D2 /* LoginAssembly.swift */ = {isa = PBXFileReference; lastKnownFileType = sourcecode.swift; path = LoginAssembly.swift; sourceTree = "<group>"; };
		A98954822B641BB00048B954 /* BaseNavigationController.swift */ = {isa = PBXFileReference; lastKnownFileType = sourcecode.swift; path = BaseNavigationController.swift; sourceTree = "<group>"; };
		A98954842B644D390048B954 /* MoviesViewProtocol.swift */ = {isa = PBXFileReference; lastKnownFileType = sourcecode.swift; path = MoviesViewProtocol.swift; sourceTree = "<group>"; };
		A98954872B6451A30048B954 /* Constants.swift */ = {isa = PBXFileReference; lastKnownFileType = sourcecode.swift; path = Constants.swift; sourceTree = "<group>"; };
		A9AF725F2B64AF4C004AFBCC /* ServiceDataSource.swift */ = {isa = PBXFileReference; lastKnownFileType = sourcecode.swift; path = ServiceDataSource.swift; sourceTree = "<group>"; };
		A9AF72612B64AF5D004AFBCC /* ServiceDataSourceProtocol.swift */ = {isa = PBXFileReference; lastKnownFileType = sourcecode.swift; path = ServiceDataSourceProtocol.swift; sourceTree = "<group>"; };
		A9AF72642B64B08D004AFBCC /* DataManager.swift */ = {isa = PBXFileReference; lastKnownFileType = sourcecode.swift; path = DataManager.swift; sourceTree = "<group>"; };
		A9AF72672B64B0F4004AFBCC /* MoviesResponse.swift */ = {isa = PBXFileReference; lastKnownFileType = sourcecode.swift; path = MoviesResponse.swift; sourceTree = "<group>"; };
		A9AF72692B64B122004AFBCC /* MovieModel.swift */ = {isa = PBXFileReference; lastKnownFileType = sourcecode.swift; path = MovieModel.swift; sourceTree = "<group>"; };
		A9CCAA012B66DC9E001A12D4 /* DetailMovieViewController.swift */ = {isa = PBXFileReference; lastKnownFileType = sourcecode.swift; path = DetailMovieViewController.swift; sourceTree = "<group>"; };
		A9CCAA092B672E77001A12D4 /* en */ = {isa = PBXFileReference; lastKnownFileType = text.plist.strings; name = en; path = en.lproj/Localizable.strings; sourceTree = "<group>"; };
		A9CCAA0B2B672F32001A12D4 /* es */ = {isa = PBXFileReference; lastKnownFileType = text.plist.strings; name = es; path = es.lproj/Localizable.strings; sourceTree = "<group>"; };
		A9D008822B65E65E00724084 /* MovieViewModel.swift */ = {isa = PBXFileReference; lastKnownFileType = sourcecode.swift; path = MovieViewModel.swift; sourceTree = "<group>"; };
		A9D008882B65E7D900724084 /* MoviesPresenter.swift */ = {isa = PBXFileReference; lastKnownFileType = sourcecode.swift; path = MoviesPresenter.swift; sourceTree = "<group>"; };
		A9D0088A2B65E7ED00724084 /* MoviesPresenterProtocol.swift */ = {isa = PBXFileReference; lastKnownFileType = sourcecode.swift; path = MoviesPresenterProtocol.swift; sourceTree = "<group>"; };
		A9D0088C2B65E87F00724084 /* MoviesInteractor.swift */ = {isa = PBXFileReference; lastKnownFileType = sourcecode.swift; path = MoviesInteractor.swift; sourceTree = "<group>"; };
		A9D0088E2B65E88A00724084 /* MoviesInteractorProtocol.swift */ = {isa = PBXFileReference; lastKnownFileType = sourcecode.swift; path = MoviesInteractorProtocol.swift; sourceTree = "<group>"; };
		A9D008902B65E9F500724084 /* MoviesRepository.swift */ = {isa = PBXFileReference; lastKnownFileType = sourcecode.swift; path = MoviesRepository.swift; sourceTree = "<group>"; };
		A9D008922B65EA0400724084 /* MoviesRepositoryProtocol.swift */ = {isa = PBXFileReference; lastKnownFileType = sourcecode.swift; path = MoviesRepositoryProtocol.swift; sourceTree = "<group>"; };
		A9D008942B65F69400724084 /* ErrorModel.swift */ = {isa = PBXFileReference; lastKnownFileType = sourcecode.swift; path = ErrorModel.swift; sourceTree = "<group>"; };
		A9D008962B65F9F200724084 /* MoviesRouter.swift */ = {isa = PBXFileReference; lastKnownFileType = sourcecode.swift; path = MoviesRouter.swift; sourceTree = "<group>"; };
		A9D008982B65F9FC00724084 /* MoviesRouterProtocol.swift */ = {isa = PBXFileReference; lastKnownFileType = sourcecode.swift; path = MoviesRouterProtocol.swift; sourceTree = "<group>"; };
		A9D0089A2B6600B500724084 /* MoviesConfigurator.swift */ = {isa = PBXFileReference; lastKnownFileType = sourcecode.swift; path = MoviesConfigurator.swift; sourceTree = "<group>"; };
		A9D0089C2B6602D700724084 /* MoviesConfiguratorProtocol.swift */ = {isa = PBXFileReference; lastKnownFileType = sourcecode.swift; path = MoviesConfiguratorProtocol.swift; sourceTree = "<group>"; };
		A9D0089F2B6603D500724084 /* MoviesTableViewCell.swift */ = {isa = PBXFileReference; lastKnownFileType = sourcecode.swift; path = MoviesTableViewCell.swift; sourceTree = "<group>"; };
/* End PBXFileReference section */

/* Begin PBXFrameworksBuildPhase section */
		A906107F2B631ED500EE61D2 /* Frameworks */ = {
			isa = PBXFrameworksBuildPhase;
			buildActionMask = 2147483647;
			files = (
				A90610C02B6325B300EE61D2 /* Kingfisher in Frameworks */,
				A9CCAA052B6723B0001A12D4 /* Reachability in Frameworks */,
				A90610BD2B63259C00EE61D2 /* MBProgressHUD in Frameworks */,
				A90610BA2B63257F00EE61D2 /* Alamofire in Frameworks */,
			);
			runOnlyForDeploymentPostprocessing = 0;
		};
		A90610982B631ED700EE61D2 /* Frameworks */ = {
			isa = PBXFrameworksBuildPhase;
			buildActionMask = 2147483647;
			files = (
			);
			runOnlyForDeploymentPostprocessing = 0;
		};
		A90610A22B631ED700EE61D2 /* Frameworks */ = {
			isa = PBXFrameworksBuildPhase;
			buildActionMask = 2147483647;
			files = (
			);
			runOnlyForDeploymentPostprocessing = 0;
		};
/* End PBXFrameworksBuildPhase section */

/* Begin PBXGroup section */
		A90610792B631ED500EE61D2 = {
			isa = PBXGroup;
			children = (
				A90610842B631ED500EE61D2 /* RetoSoftekMovies */,
				A906109E2B631ED700EE61D2 /* RetoSoftekMoviesTests */,
				A90610A82B631ED700EE61D2 /* RetoSoftekMoviesUITests */,
				A90610832B631ED500EE61D2 /* Products */,
			);
			sourceTree = "<group>";
		};
		A90610832B631ED500EE61D2 /* Products */ = {
			isa = PBXGroup;
			children = (
				A90610822B631ED500EE61D2 /* RetoSoftekMovies.app */,
				A906109B2B631ED700EE61D2 /* RetoSoftekMoviesTests.xctest */,
				A90610A52B631ED700EE61D2 /* RetoSoftekMoviesUITests.xctest */,
			);
			name = Products;
			sourceTree = "<group>";
		};
		A90610842B631ED500EE61D2 /* RetoSoftekMovies */ = {
			isa = PBXGroup;
			children = (
				A9AF725D2B64ADF1004AFBCC /* Data */,
				A98954862B6451980048B954 /* General */,
				A90610C82B63387000EE61D2 /* Model */,
				A9D008812B65E63700724084 /* ViewModel */,
				A90610C12B63378D00EE61D2 /* Modules */,
				A90610852B631ED500EE61D2 /* AppDelegate.swift */,
				A90610872B631ED500EE61D2 /* SceneDelegate.swift */,
				A906108B2B631ED500EE61D2 /* Main.storyboard */,
				A90610912B631ED700EE61D2 /* Assets.xcassets */,
				A90610932B631ED700EE61D2 /* LaunchScreen.storyboard */,
				A9CCAA0A2B672E77001A12D4 /* Localizable.strings */,
				A90610962B631ED700EE61D2 /* Info.plist */,
				A906108E2B631ED500EE61D2 /* RetoSoftekMovies.xcdatamodeld */,
			);
			path = RetoSoftekMovies;
			sourceTree = "<group>";
		};
		A906109E2B631ED700EE61D2 /* RetoSoftekMoviesTests */ = {
			isa = PBXGroup;
			children = (
				A906109F2B631ED700EE61D2 /* RetoSoftekMoviesTests.swift */,
			);
			path = RetoSoftekMoviesTests;
			sourceTree = "<group>";
		};
		A90610A82B631ED700EE61D2 /* RetoSoftekMoviesUITests */ = {
			isa = PBXGroup;
			children = (
				A90610A92B631ED700EE61D2 /* RetoSoftekMoviesUITests.swift */,
				A90610AB2B631ED700EE61D2 /* RetoSoftekMoviesUITestsLaunchTests.swift */,
			);
			path = RetoSoftekMoviesUITests;
			sourceTree = "<group>";
		};
		A90610C12B63378D00EE61D2 /* Modules */ = {
			isa = PBXGroup;
			children = (
				A98954812B641B340048B954 /* Base */,
				A90610DA2B634DBA00EE61D2 /* Movies */,
				A90610C22B63379500EE61D2 /* Login */,
			);
			path = Modules;
			sourceTree = "<group>";
		};
		A90610C22B63379500EE61D2 /* Login */ = {
			isa = PBXGroup;
			children = (
				A90610F12B63580500EE61D2 /* Assembly */,
				A90610C62B63381900EE61D2 /* Configurator */,
				A90610C72B63382700EE61D2 /* Router */,
				A90610C52B6337C900EE61D2 /* Presenter */,
				A90610C42B6337C200EE61D2 /* Interactor */,
				A90610C32B6337A300EE61D2 /* View */,
			);
			path = Login;
			sourceTree = "<group>";
		};
		A90610C32B6337A300EE61D2 /* View */ = {
			isa = PBXGroup;
			children = (
				A90610892B631ED500EE61D2 /* LoginViewController.swift */,
				A90610CD2B634B2700EE61D2 /* LoginViewProtocol.swift */,
			);
			path = View;
			sourceTree = "<group>";
		};
		A90610C42B6337C200EE61D2 /* Interactor */ = {
			isa = PBXGroup;
			children = (
				A90610CF2B634C0600EE61D2 /* LoginInteractor.swift */,
				A90610D12B634C1100EE61D2 /* LoginInteractorProtocol.swift */,
			);
			path = Interactor;
			sourceTree = "<group>";
		};
		A90610C52B6337C900EE61D2 /* Presenter */ = {
			isa = PBXGroup;
			children = (
				A90610D62B634D6D00EE61D2 /* LoginPresenter.swift */,
				A90610D82B634D7600EE61D2 /* LoginPresenterProtocol.swift */,
			);
			path = Presenter;
			sourceTree = "<group>";
		};
		A90610C62B63381900EE61D2 /* Configurator */ = {
			isa = PBXGroup;
			children = (
				A90610E92B6354DB00EE61D2 /* LoginConfigurator.swift */,
				A90610EC2B6354FE00EE61D2 /* LoginConfiguratorProtocol.swift */,
			);
			path = Configurator;
			sourceTree = "<group>";
		};
		A90610C72B63382700EE61D2 /* Router */ = {
			isa = PBXGroup;
			children = (
				A90610DB2B634E0A00EE61D2 /* LoginRouter.swift */,
				A90610DD2B634E1600EE61D2 /* LoginRouterProtocol.swift */,
			);
			path = Router;
			sourceTree = "<group>";
		};
		A90610C82B63387000EE61D2 /* Model */ = {
			isa = PBXGroup;
			children = (
				A9AF72662B64B0D2004AFBCC /* Response */,
				A90610D32B634C7D00EE61D2 /* Request */,
				A90610C92B63389300EE61D2 /* UserModel.swift */,
				A9AF72692B64B122004AFBCC /* MovieModel.swift */,
				A9D008942B65F69400724084 /* ErrorModel.swift */,
			);
			path = Model;
			sourceTree = "<group>";
		};
		A90610D32B634C7D00EE61D2 /* Request */ = {
			isa = PBXGroup;
			children = (
				A90610D42B634C8E00EE61D2 /* UserRequest.swift */,
			);
			path = Request;
			sourceTree = "<group>";
		};
		A90610DA2B634DBA00EE61D2 /* Movies */ = {
			isa = PBXGroup;
			children = (
				A90610DF2B634FF400EE61D2 /* Assembly */,
				A9D008872B65E77500724084 /* Configurator */,
				A9D008862B65E76E00724084 /* Router */,
				A9D008852B65E76700724084 /* Presenter */,
				A9D008842B65E75800724084 /* Interactor */,
				A90610E22B6350F800EE61D2 /* View */,
				A90610E32B63511900EE61D2 /* Movies.storyboard */,
			);
			path = Movies;
			sourceTree = "<group>";
		};
		A90610DF2B634FF400EE61D2 /* Assembly */ = {
			isa = PBXGroup;
			children = (
				A90610E02B63500D00EE61D2 /* MoviesAssembly.swift */,
			);
			path = Assembly;
			sourceTree = "<group>";
		};
		A90610E22B6350F800EE61D2 /* View */ = {
			isa = PBXGroup;
			children = (
				A9D0089E2B6603A900724084 /* Cell */,
				A90610E72B6351FA00EE61D2 /* MoviesViewController.swift */,
				A98954842B644D390048B954 /* MoviesViewProtocol.swift */,
				A9CCAA012B66DC9E001A12D4 /* DetailMovieViewController.swift */,
			);
			path = View;
			sourceTree = "<group>";
		};
		A90610F12B63580500EE61D2 /* Assembly */ = {
			isa = PBXGroup;
			children = (
				A90610F22B63581400EE61D2 /* LoginAssembly.swift */,
			);
			path = Assembly;
			sourceTree = "<group>";
		};
		A98954812B641B340048B954 /* Base */ = {
			isa = PBXGroup;
			children = (
				A98954822B641BB00048B954 /* BaseNavigationController.swift */,
			);
			path = Base;
			sourceTree = "<group>";
		};
		A98954862B6451980048B954 /* General */ = {
			isa = PBXGroup;
			children = (
				A98954872B6451A30048B954 /* Constants.swift */,
			);
			path = General;
			sourceTree = "<group>";
		};
		A9AF725D2B64ADF1004AFBCC /* Data */ = {
			isa = PBXGroup;
			children = (
				A9AF725E2B64AE70004AFBCC /* Network */,
				A9D008802B65E05400724084 /* Repository */,
				A9AF72632B64B07C004AFBCC /* Storage */,
			);
			path = Data;
			sourceTree = "<group>";
		};
		A9AF725E2B64AE70004AFBCC /* Network */ = {
			isa = PBXGroup;
			children = (
				A9AF725F2B64AF4C004AFBCC /* ServiceDataSource.swift */,
				A9AF72612B64AF5D004AFBCC /* ServiceDataSourceProtocol.swift */,
			);
			path = Network;
			sourceTree = "<group>";
		};
		A9AF72632B64B07C004AFBCC /* Storage */ = {
			isa = PBXGroup;
			children = (
				A9AF72642B64B08D004AFBCC /* DataManager.swift */,
			);
			path = Storage;
			sourceTree = "<group>";
		};
		A9AF72662B64B0D2004AFBCC /* Response */ = {
			isa = PBXGroup;
			children = (
				A9AF72672B64B0F4004AFBCC /* MoviesResponse.swift */,
			);
			path = Response;
			sourceTree = "<group>";
		};
		A9D008802B65E05400724084 /* Repository */ = {
			isa = PBXGroup;
			children = (
				A9D008902B65E9F500724084 /* MoviesRepository.swift */,
				A9D008922B65EA0400724084 /* MoviesRepositoryProtocol.swift */,
			);
			path = Repository;
			sourceTree = "<group>";
		};
		A9D008812B65E63700724084 /* ViewModel */ = {
			isa = PBXGroup;
			children = (
				A9D008822B65E65E00724084 /* MovieViewModel.swift */,
			);
			path = ViewModel;
			sourceTree = "<group>";
		};
		A9D008842B65E75800724084 /* Interactor */ = {
			isa = PBXGroup;
			children = (
				A9D0088C2B65E87F00724084 /* MoviesInteractor.swift */,
				A9D0088E2B65E88A00724084 /* MoviesInteractorProtocol.swift */,
			);
			path = Interactor;
			sourceTree = "<group>";
		};
		A9D008852B65E76700724084 /* Presenter */ = {
			isa = PBXGroup;
			children = (
				A9D008882B65E7D900724084 /* MoviesPresenter.swift */,
				A9D0088A2B65E7ED00724084 /* MoviesPresenterProtocol.swift */,
			);
			path = Presenter;
			sourceTree = "<group>";
		};
		A9D008862B65E76E00724084 /* Router */ = {
			isa = PBXGroup;
			children = (
				A9D008962B65F9F200724084 /* MoviesRouter.swift */,
				A9D008982B65F9FC00724084 /* MoviesRouterProtocol.swift */,
			);
			path = Router;
			sourceTree = "<group>";
		};
		A9D008872B65E77500724084 /* Configurator */ = {
			isa = PBXGroup;
			children = (
				A9D0089A2B6600B500724084 /* MoviesConfigurator.swift */,
				A9D0089C2B6602D700724084 /* MoviesConfiguratorProtocol.swift */,
			);
			path = Configurator;
			sourceTree = "<group>";
		};
		A9D0089E2B6603A900724084 /* Cell */ = {
			isa = PBXGroup;
			children = (
				A9D0089F2B6603D500724084 /* MoviesTableViewCell.swift */,
			);
			path = Cell;
			sourceTree = "<group>";
		};
/* End PBXGroup section */

/* Begin PBXNativeTarget section */
		A90610812B631ED500EE61D2 /* RetoSoftekMovies */ = {
			isa = PBXNativeTarget;
			buildConfigurationList = A90610AF2B631ED700EE61D2 /* Build configuration list for PBXNativeTarget "RetoSoftekMovies" */;
			buildPhases = (
				A906107E2B631ED500EE61D2 /* Sources */,
				A906107F2B631ED500EE61D2 /* Frameworks */,
				A90610802B631ED500EE61D2 /* Resources */,
			);
			buildRules = (
			);
			dependencies = (
			);
			name = RetoSoftekMovies;
			packageProductDependencies = (
				A90610B92B63257F00EE61D2 /* Alamofire */,
				A90610BC2B63259C00EE61D2 /* MBProgressHUD */,
				A90610BF2B6325B300EE61D2 /* Kingfisher */,
				A9CCAA042B6723B0001A12D4 /* Reachability */,
			);
			productName = RetoSoftekMovies;
			productReference = A90610822B631ED500EE61D2 /* RetoSoftekMovies.app */;
			productType = "com.apple.product-type.application";
		};
		A906109A2B631ED700EE61D2 /* RetoSoftekMoviesTests */ = {
			isa = PBXNativeTarget;
			buildConfigurationList = A90610B22B631ED700EE61D2 /* Build configuration list for PBXNativeTarget "RetoSoftekMoviesTests" */;
			buildPhases = (
				A90610972B631ED700EE61D2 /* Sources */,
				A90610982B631ED700EE61D2 /* Frameworks */,
				A90610992B631ED700EE61D2 /* Resources */,
			);
			buildRules = (
			);
			dependencies = (
				A906109D2B631ED700EE61D2 /* PBXTargetDependency */,
			);
			name = RetoSoftekMoviesTests;
			productName = RetoSoftekMoviesTests;
			productReference = A906109B2B631ED700EE61D2 /* RetoSoftekMoviesTests.xctest */;
			productType = "com.apple.product-type.bundle.unit-test";
		};
		A90610A42B631ED700EE61D2 /* RetoSoftekMoviesUITests */ = {
			isa = PBXNativeTarget;
			buildConfigurationList = A90610B52B631ED700EE61D2 /* Build configuration list for PBXNativeTarget "RetoSoftekMoviesUITests" */;
			buildPhases = (
				A90610A12B631ED700EE61D2 /* Sources */,
				A90610A22B631ED700EE61D2 /* Frameworks */,
				A90610A32B631ED700EE61D2 /* Resources */,
			);
			buildRules = (
			);
			dependencies = (
				A90610A72B631ED700EE61D2 /* PBXTargetDependency */,
			);
			name = RetoSoftekMoviesUITests;
			productName = RetoSoftekMoviesUITests;
			productReference = A90610A52B631ED700EE61D2 /* RetoSoftekMoviesUITests.xctest */;
			productType = "com.apple.product-type.bundle.ui-testing";
		};
/* End PBXNativeTarget section */

/* Begin PBXProject section */
		A906107A2B631ED500EE61D2 /* Project object */ = {
			isa = PBXProject;
			attributes = {
				BuildIndependentTargetsInParallel = 1;
				LastSwiftUpdateCheck = 1520;
				LastUpgradeCheck = 1520;
				TargetAttributes = {
					A90610812B631ED500EE61D2 = {
						CreatedOnToolsVersion = 15.2;
					};
					A906109A2B631ED700EE61D2 = {
						CreatedOnToolsVersion = 15.2;
						TestTargetID = A90610812B631ED500EE61D2;
					};
					A90610A42B631ED700EE61D2 = {
						CreatedOnToolsVersion = 15.2;
						TestTargetID = A90610812B631ED500EE61D2;
					};
				};
			};
			buildConfigurationList = A906107D2B631ED500EE61D2 /* Build configuration list for PBXProject "RetoSoftekMovies" */;
			compatibilityVersion = "Xcode 14.0";
			developmentRegion = en;
			hasScannedForEncodings = 0;
			knownRegions = (
				en,
				Base,
				es,
			);
			mainGroup = A90610792B631ED500EE61D2;
			packageReferences = (
				A90610B82B63257F00EE61D2 /* XCRemoteSwiftPackageReference "Alamofire" */,
				A90610BB2B63259C00EE61D2 /* XCRemoteSwiftPackageReference "MBProgressHUD" */,
				A90610BE2B6325B300EE61D2 /* XCRemoteSwiftPackageReference "Kingfisher" */,
				A9CCAA032B6723AF001A12D4 /* XCRemoteSwiftPackageReference "Reachability" */,
			);
			productRefGroup = A90610832B631ED500EE61D2 /* Products */;
			projectDirPath = "";
			projectRoot = "";
			targets = (
				A90610812B631ED500EE61D2 /* RetoSoftekMovies */,
				A906109A2B631ED700EE61D2 /* RetoSoftekMoviesTests */,
				A90610A42B631ED700EE61D2 /* RetoSoftekMoviesUITests */,
			);
		};
/* End PBXProject section */

/* Begin PBXResourcesBuildPhase section */
		A90610802B631ED500EE61D2 /* Resources */ = {
			isa = PBXResourcesBuildPhase;
			buildActionMask = 2147483647;
			files = (
				A9CCAA082B672E77001A12D4 /* Localizable.strings in Resources */,
				A90610952B631ED700EE61D2 /* LaunchScreen.storyboard in Resources */,
				A90610922B631ED700EE61D2 /* Assets.xcassets in Resources */,
				A906108D2B631ED500EE61D2 /* Main.storyboard in Resources */,
				A90610E42B63511900EE61D2 /* Movies.storyboard in Resources */,
			);
			runOnlyForDeploymentPostprocessing = 0;
		};
		A90610992B631ED700EE61D2 /* Resources */ = {
			isa = PBXResourcesBuildPhase;
			buildActionMask = 2147483647;
			files = (
			);
			runOnlyForDeploymentPostprocessing = 0;
		};
		A90610A32B631ED700EE61D2 /* Resources */ = {
			isa = PBXResourcesBuildPhase;
			buildActionMask = 2147483647;
			files = (
			);
			runOnlyForDeploymentPostprocessing = 0;
		};
/* End PBXResourcesBuildPhase section */

/* Begin PBXSourcesBuildPhase section */
		A906107E2B631ED500EE61D2 /* Sources */ = {
			isa = PBXSourcesBuildPhase;
			buildActionMask = 2147483647;
			files = (
				A9D008952B65F69400724084 /* ErrorModel.swift in Sources */,
				A9D008972B65F9F200724084 /* MoviesRouter.swift in Sources */,
				A90610E12B63500D00EE61D2 /* MoviesAssembly.swift in Sources */,
				A9AF72652B64B08D004AFBCC /* DataManager.swift in Sources */,
				A9D0088B2B65E7ED00724084 /* MoviesPresenterProtocol.swift in Sources */,
				A906108A2B631ED500EE61D2 /* LoginViewController.swift in Sources */,
				A9D008912B65E9F500724084 /* MoviesRepository.swift in Sources */,
				A90610862B631ED500EE61D2 /* AppDelegate.swift in Sources */,
				A90610DC2B634E0A00EE61D2 /* LoginRouter.swift in Sources */,
				A90610D52B634C8E00EE61D2 /* UserRequest.swift in Sources */,
				A9D0088F2B65E88A00724084 /* MoviesInteractorProtocol.swift in Sources */,
				A9D0089B2B6600B500724084 /* MoviesConfigurator.swift in Sources */,
				A9D0089D2B6602D700724084 /* MoviesConfiguratorProtocol.swift in Sources */,
				A9AF726A2B64B122004AFBCC /* MovieModel.swift in Sources */,
				A9D008892B65E7D900724084 /* MoviesPresenter.swift in Sources */,
				A9D008932B65EA0400724084 /* MoviesRepositoryProtocol.swift in Sources */,
				A90610D02B634C0600EE61D2 /* LoginInteractor.swift in Sources */,
				A9D008992B65F9FC00724084 /* MoviesRouterProtocol.swift in Sources */,
				A98954832B641BB00048B954 /* BaseNavigationController.swift in Sources */,
				A90610ED2B6354FE00EE61D2 /* LoginConfiguratorProtocol.swift in Sources */,
				A90610F32B63581400EE61D2 /* LoginAssembly.swift in Sources */,
				A9D0088D2B65E87F00724084 /* MoviesInteractor.swift in Sources */,
				A90610D92B634D7600EE61D2 /* LoginPresenterProtocol.swift in Sources */,
				A9AF72622B64AF5D004AFBCC /* ServiceDataSourceProtocol.swift in Sources */,
				A90610D72B634D6D00EE61D2 /* LoginPresenter.swift in Sources */,
				A9D008832B65E65E00724084 /* MovieViewModel.swift in Sources */,
				A98954882B6451A30048B954 /* Constants.swift in Sources */,
				A98954852B644D390048B954 /* MoviesViewProtocol.swift in Sources */,
				A9CCAA022B66DC9E001A12D4 /* DetailMovieViewController.swift in Sources */,
				A90610DE2B634E1600EE61D2 /* LoginRouterProtocol.swift in Sources */,
				A90610902B631ED500EE61D2 /* RetoSoftekMovies.xcdatamodeld in Sources */,
				A90610CA2B63389300EE61D2 /* UserModel.swift in Sources */,
				A90610E82B6351FA00EE61D2 /* MoviesViewController.swift in Sources */,
				A90610CE2B634B2700EE61D2 /* LoginViewProtocol.swift in Sources */,
				A90610D22B634C1100EE61D2 /* LoginInteractorProtocol.swift in Sources */,
				A90610EA2B6354DB00EE61D2 /* LoginConfigurator.swift in Sources */,
				A9AF72682B64B0F4004AFBCC /* MoviesResponse.swift in Sources */,
				A9D008A02B6603D500724084 /* MoviesTableViewCell.swift in Sources */,
				A9AF72602B64AF4C004AFBCC /* ServiceDataSource.swift in Sources */,
				A90610882B631ED500EE61D2 /* SceneDelegate.swift in Sources */,
			);
			runOnlyForDeploymentPostprocessing = 0;
		};
		A90610972B631ED700EE61D2 /* Sources */ = {
			isa = PBXSourcesBuildPhase;
			buildActionMask = 2147483647;
			files = (
				A90610A02B631ED700EE61D2 /* RetoSoftekMoviesTests.swift in Sources */,
			);
			runOnlyForDeploymentPostprocessing = 0;
		};
		A90610A12B631ED700EE61D2 /* Sources */ = {
			isa = PBXSourcesBuildPhase;
			buildActionMask = 2147483647;
			files = (
				A90610AA2B631ED700EE61D2 /* RetoSoftekMoviesUITests.swift in Sources */,
				A90610AC2B631ED700EE61D2 /* RetoSoftekMoviesUITestsLaunchTests.swift in Sources */,
			);
			runOnlyForDeploymentPostprocessing = 0;
		};
/* End PBXSourcesBuildPhase section */

/* Begin PBXTargetDependency section */
		A906109D2B631ED700EE61D2 /* PBXTargetDependency */ = {
			isa = PBXTargetDependency;
			target = A90610812B631ED500EE61D2 /* RetoSoftekMovies */;
			targetProxy = A906109C2B631ED700EE61D2 /* PBXContainerItemProxy */;
		};
		A90610A72B631ED700EE61D2 /* PBXTargetDependency */ = {
			isa = PBXTargetDependency;
			target = A90610812B631ED500EE61D2 /* RetoSoftekMovies */;
			targetProxy = A90610A62B631ED700EE61D2 /* PBXContainerItemProxy */;
		};
/* End PBXTargetDependency section */

/* Begin PBXVariantGroup section */
		A906108B2B631ED500EE61D2 /* Main.storyboard */ = {
			isa = PBXVariantGroup;
			children = (
				A906108C2B631ED500EE61D2 /* Base */,
			);
			name = Main.storyboard;
			sourceTree = "<group>";
		};
		A90610932B631ED700EE61D2 /* LaunchScreen.storyboard */ = {
			isa = PBXVariantGroup;
			children = (
				A90610942B631ED700EE61D2 /* Base */,
			);
			name = LaunchScreen.storyboard;
			sourceTree = "<group>";
		};
		A9CCAA0A2B672E77001A12D4 /* Localizable.strings */ = {
			isa = PBXVariantGroup;
			children = (
				A9CCAA092B672E77001A12D4 /* en */,
				A9CCAA0B2B672F32001A12D4 /* es */,
			);
			name = Localizable.strings;
			sourceTree = "<group>";
		};
/* End PBXVariantGroup section */

/* Begin XCBuildConfiguration section */
		A90610AD2B631ED700EE61D2 /* Debug */ = {
			isa = XCBuildConfiguration;
			buildSettings = {
				ALWAYS_SEARCH_USER_PATHS = NO;
				ASSETCATALOG_COMPILER_GENERATE_SWIFT_ASSET_SYMBOL_EXTENSIONS = YES;
				CLANG_ANALYZER_LOCALIZABILITY_NONLOCALIZED = YES;
				CLANG_ANALYZER_NONNULL = YES;
				CLANG_ANALYZER_NUMBER_OBJECT_CONVERSION = YES_AGGRESSIVE;
				CLANG_CXX_LANGUAGE_STANDARD = "gnu++20";
				CLANG_ENABLE_MODULES = YES;
				CLANG_ENABLE_OBJC_ARC = YES;
				CLANG_ENABLE_OBJC_WEAK = YES;
				CLANG_WARN_BLOCK_CAPTURE_AUTORELEASING = YES;
				CLANG_WARN_BOOL_CONVERSION = YES;
				CLANG_WARN_COMMA = YES;
				CLANG_WARN_CONSTANT_CONVERSION = YES;
				CLANG_WARN_DEPRECATED_OBJC_IMPLEMENTATIONS = YES;
				CLANG_WARN_DIRECT_OBJC_ISA_USAGE = YES_ERROR;
				CLANG_WARN_DOCUMENTATION_COMMENTS = YES;
				CLANG_WARN_EMPTY_BODY = YES;
				CLANG_WARN_ENUM_CONVERSION = YES;
				CLANG_WARN_INFINITE_RECURSION = YES;
				CLANG_WARN_INT_CONVERSION = YES;
				CLANG_WARN_NON_LITERAL_NULL_CONVERSION = YES;
				CLANG_WARN_OBJC_IMPLICIT_RETAIN_SELF = YES;
				CLANG_WARN_OBJC_LITERAL_CONVERSION = YES;
				CLANG_WARN_OBJC_ROOT_CLASS = YES_ERROR;
				CLANG_WARN_QUOTED_INCLUDE_IN_FRAMEWORK_HEADER = YES;
				CLANG_WARN_RANGE_LOOP_ANALYSIS = YES;
				CLANG_WARN_STRICT_PROTOTYPES = YES;
				CLANG_WARN_SUSPICIOUS_MOVE = YES;
				CLANG_WARN_UNGUARDED_AVAILABILITY = YES_AGGRESSIVE;
				CLANG_WARN_UNREACHABLE_CODE = YES;
				CLANG_WARN__DUPLICATE_METHOD_MATCH = YES;
				COPY_PHASE_STRIP = NO;
				DEBUG_INFORMATION_FORMAT = dwarf;
				ENABLE_STRICT_OBJC_MSGSEND = YES;
				ENABLE_TESTABILITY = YES;
				ENABLE_USER_SCRIPT_SANDBOXING = YES;
				GCC_C_LANGUAGE_STANDARD = gnu17;
				GCC_DYNAMIC_NO_PIC = NO;
				GCC_NO_COMMON_BLOCKS = YES;
				GCC_OPTIMIZATION_LEVEL = 0;
				GCC_PREPROCESSOR_DEFINITIONS = (
					"DEBUG=1",
					"$(inherited)",
				);
				GCC_WARN_64_TO_32_BIT_CONVERSION = YES;
				GCC_WARN_ABOUT_RETURN_TYPE = YES_ERROR;
				GCC_WARN_UNDECLARED_SELECTOR = YES;
				GCC_WARN_UNINITIALIZED_AUTOS = YES_AGGRESSIVE;
				GCC_WARN_UNUSED_FUNCTION = YES;
				GCC_WARN_UNUSED_VARIABLE = YES;
				IPHONEOS_DEPLOYMENT_TARGET = 17.2;
				LOCALIZATION_PREFERS_STRING_CATALOGS = YES;
				MTL_ENABLE_DEBUG_INFO = INCLUDE_SOURCE;
				MTL_FAST_MATH = YES;
				ONLY_ACTIVE_ARCH = YES;
				SDKROOT = iphoneos;
				SWIFT_ACTIVE_COMPILATION_CONDITIONS = "DEBUG $(inherited)";
				SWIFT_OPTIMIZATION_LEVEL = "-Onone";
			};
			name = Debug;
		};
		A90610AE2B631ED700EE61D2 /* Release */ = {
			isa = XCBuildConfiguration;
			buildSettings = {
				ALWAYS_SEARCH_USER_PATHS = NO;
				ASSETCATALOG_COMPILER_GENERATE_SWIFT_ASSET_SYMBOL_EXTENSIONS = YES;
				CLANG_ANALYZER_LOCALIZABILITY_NONLOCALIZED = YES;
				CLANG_ANALYZER_NONNULL = YES;
				CLANG_ANALYZER_NUMBER_OBJECT_CONVERSION = YES_AGGRESSIVE;
				CLANG_CXX_LANGUAGE_STANDARD = "gnu++20";
				CLANG_ENABLE_MODULES = YES;
				CLANG_ENABLE_OBJC_ARC = YES;
				CLANG_ENABLE_OBJC_WEAK = YES;
				CLANG_WARN_BLOCK_CAPTURE_AUTORELEASING = YES;
				CLANG_WARN_BOOL_CONVERSION = YES;
				CLANG_WARN_COMMA = YES;
				CLANG_WARN_CONSTANT_CONVERSION = YES;
				CLANG_WARN_DEPRECATED_OBJC_IMPLEMENTATIONS = YES;
				CLANG_WARN_DIRECT_OBJC_ISA_USAGE = YES_ERROR;
				CLANG_WARN_DOCUMENTATION_COMMENTS = YES;
				CLANG_WARN_EMPTY_BODY = YES;
				CLANG_WARN_ENUM_CONVERSION = YES;
				CLANG_WARN_INFINITE_RECURSION = YES;
				CLANG_WARN_INT_CONVERSION = YES;
				CLANG_WARN_NON_LITERAL_NULL_CONVERSION = YES;
				CLANG_WARN_OBJC_IMPLICIT_RETAIN_SELF = YES;
				CLANG_WARN_OBJC_LITERAL_CONVERSION = YES;
				CLANG_WARN_OBJC_ROOT_CLASS = YES_ERROR;
				CLANG_WARN_QUOTED_INCLUDE_IN_FRAMEWORK_HEADER = YES;
				CLANG_WARN_RANGE_LOOP_ANALYSIS = YES;
				CLANG_WARN_STRICT_PROTOTYPES = YES;
				CLANG_WARN_SUSPICIOUS_MOVE = YES;
				CLANG_WARN_UNGUARDED_AVAILABILITY = YES_AGGRESSIVE;
				CLANG_WARN_UNREACHABLE_CODE = YES;
				CLANG_WARN__DUPLICATE_METHOD_MATCH = YES;
				COPY_PHASE_STRIP = NO;
				DEBUG_INFORMATION_FORMAT = "dwarf-with-dsym";
				ENABLE_NS_ASSERTIONS = NO;
				ENABLE_STRICT_OBJC_MSGSEND = YES;
				ENABLE_USER_SCRIPT_SANDBOXING = YES;
				GCC_C_LANGUAGE_STANDARD = gnu17;
				GCC_NO_COMMON_BLOCKS = YES;
				GCC_WARN_64_TO_32_BIT_CONVERSION = YES;
				GCC_WARN_ABOUT_RETURN_TYPE = YES_ERROR;
				GCC_WARN_UNDECLARED_SELECTOR = YES;
				GCC_WARN_UNINITIALIZED_AUTOS = YES_AGGRESSIVE;
				GCC_WARN_UNUSED_FUNCTION = YES;
				GCC_WARN_UNUSED_VARIABLE = YES;
				IPHONEOS_DEPLOYMENT_TARGET = 17.2;
				LOCALIZATION_PREFERS_STRING_CATALOGS = YES;
				MTL_ENABLE_DEBUG_INFO = NO;
				MTL_FAST_MATH = YES;
				SDKROOT = iphoneos;
				SWIFT_COMPILATION_MODE = wholemodule;
				VALIDATE_PRODUCT = YES;
			};
			name = Release;
		};
		A90610B02B631ED700EE61D2 /* Debug */ = {
			isa = XCBuildConfiguration;
			buildSettings = {
				ASSETCATALOG_COMPILER_APPICON_NAME = AppIcon;
				ASSETCATALOG_COMPILER_GLOBAL_ACCENT_COLOR_NAME = AccentColor;
				CODE_SIGN_STYLE = Automatic;
				CURRENT_PROJECT_VERSION = 1;
				DEVELOPMENT_TEAM = EF4CYZ897F;
				GENERATE_INFOPLIST_FILE = YES;
				INFOPLIST_FILE = RetoSoftekMovies/Info.plist;
				INFOPLIST_KEY_UIApplicationSupportsIndirectInputEvents = YES;
				INFOPLIST_KEY_UILaunchStoryboardName = LaunchScreen.storyboard;
				INFOPLIST_KEY_UIMainStoryboardFile = Main;
				INFOPLIST_KEY_UISupportedInterfaceOrientations = UIInterfaceOrientationPortrait;
				IPHONEOS_DEPLOYMENT_TARGET = 13.0;
				LD_RUNPATH_SEARCH_PATHS = (
					"$(inherited)",
					"@executable_path/Frameworks",
				);
				MARKETING_VERSION = 1.0.1;
				PRODUCT_BUNDLE_IDENTIFIER = com.marco.example.RetoSoftekMovies;
				PRODUCT_NAME = "$(TARGET_NAME)";
				SWIFT_EMIT_LOC_STRINGS = YES;
				SWIFT_VERSION = 5.0;
				TARGETED_DEVICE_FAMILY = "1,2";
			};
			name = Debug;
		};
		A90610B12B631ED700EE61D2 /* Release */ = {
			isa = XCBuildConfiguration;
			buildSettings = {
				ASSETCATALOG_COMPILER_APPICON_NAME = AppIcon;
				ASSETCATALOG_COMPILER_GLOBAL_ACCENT_COLOR_NAME = AccentColor;
				CODE_SIGN_STYLE = Automatic;
				CURRENT_PROJECT_VERSION = 1;
				DEVELOPMENT_TEAM = EF4CYZ897F;
				GENERATE_INFOPLIST_FILE = YES;
				INFOPLIST_FILE = RetoSoftekMovies/Info.plist;
				INFOPLIST_KEY_UIApplicationSupportsIndirectInputEvents = YES;
				INFOPLIST_KEY_UILaunchStoryboardName = LaunchScreen.storyboard;
				INFOPLIST_KEY_UIMainStoryboardFile = Main;
				INFOPLIST_KEY_UISupportedInterfaceOrientations = UIInterfaceOrientationPortrait;
				IPHONEOS_DEPLOYMENT_TARGET = 13.0;
				LD_RUNPATH_SEARCH_PATHS = (
					"$(inherited)",
					"@executable_path/Frameworks",
				);
				MARKETING_VERSION = 1.0.1;
				PRODUCT_BUNDLE_IDENTIFIER = com.marco.example.RetoSoftekMovies;
				PRODUCT_NAME = "$(TARGET_NAME)";
				SWIFT_EMIT_LOC_STRINGS = YES;
				SWIFT_VERSION = 5.0;
				TARGETED_DEVICE_FAMILY = "1,2";
			};
			name = Release;
		};
		A90610B32B631ED700EE61D2 /* Debug */ = {
			isa = XCBuildConfiguration;
			buildSettings = {
				ALWAYS_EMBED_SWIFT_STANDARD_LIBRARIES = YES;
				BUNDLE_LOADER = "$(TEST_HOST)";
				CODE_SIGN_STYLE = Automatic;
				CURRENT_PROJECT_VERSION = 1;
				DEVELOPMENT_TEAM = EF4CYZ897F;
				GENERATE_INFOPLIST_FILE = YES;
				IPHONEOS_DEPLOYMENT_TARGET = 17.2;
				MARKETING_VERSION = 1.0;
				PRODUCT_BUNDLE_IDENTIFIER = com.marco.example.RetoSoftekMoviesTests;
				PRODUCT_NAME = "$(TARGET_NAME)";
				SWIFT_EMIT_LOC_STRINGS = NO;
				SWIFT_VERSION = 5.0;
				TARGETED_DEVICE_FAMILY = "1,2";
				TEST_HOST = "$(BUILT_PRODUCTS_DIR)/RetoSoftekMovies.app/$(BUNDLE_EXECUTABLE_FOLDER_PATH)/RetoSoftekMovies";
			};
			name = Debug;
		};
		A90610B42B631ED700EE61D2 /* Release */ = {
			isa = XCBuildConfiguration;
			buildSettings = {
				ALWAYS_EMBED_SWIFT_STANDARD_LIBRARIES = YES;
				BUNDLE_LOADER = "$(TEST_HOST)";
				CODE_SIGN_STYLE = Automatic;
				CURRENT_PROJECT_VERSION = 1;
				DEVELOPMENT_TEAM = EF4CYZ897F;
				GENERATE_INFOPLIST_FILE = YES;
				IPHONEOS_DEPLOYMENT_TARGET = 17.2;
				MARKETING_VERSION = 1.0;
				PRODUCT_BUNDLE_IDENTIFIER = com.marco.example.RetoSoftekMoviesTests;
				PRODUCT_NAME = "$(TARGET_NAME)";
				SWIFT_EMIT_LOC_STRINGS = NO;
				SWIFT_VERSION = 5.0;
				TARGETED_DEVICE_FAMILY = "1,2";
				TEST_HOST = "$(BUILT_PRODUCTS_DIR)/RetoSoftekMovies.app/$(BUNDLE_EXECUTABLE_FOLDER_PATH)/RetoSoftekMovies";
			};
			name = Release;
		};
		A90610B62B631ED700EE61D2 /* Debug */ = {
			isa = XCBuildConfiguration;
			buildSettings = {
				ALWAYS_EMBED_SWIFT_STANDARD_LIBRARIES = YES;
				CODE_SIGN_STYLE = Automatic;
				CURRENT_PROJECT_VERSION = 1;
				DEVELOPMENT_TEAM = EF4CYZ897F;
				GENERATE_INFOPLIST_FILE = YES;
				MARKETING_VERSION = 1.0;
				PRODUCT_BUNDLE_IDENTIFIER = com.marco.example.RetoSoftekMoviesUITests;
				PRODUCT_NAME = "$(TARGET_NAME)";
				SWIFT_EMIT_LOC_STRINGS = NO;
				SWIFT_VERSION = 5.0;
				TARGETED_DEVICE_FAMILY = "1,2";
				TEST_TARGET_NAME = RetoSoftekMovies;
			};
			name = Debug;
		};
		A90610B72B631ED700EE61D2 /* Release */ = {
			isa = XCBuildConfiguration;
			buildSettings = {
				ALWAYS_EMBED_SWIFT_STANDARD_LIBRARIES = YES;
				CODE_SIGN_STYLE = Automatic;
				CURRENT_PROJECT_VERSION = 1;
				DEVELOPMENT_TEAM = EF4CYZ897F;
				GENERATE_INFOPLIST_FILE = YES;
				MARKETING_VERSION = 1.0;
				PRODUCT_BUNDLE_IDENTIFIER = com.marco.example.RetoSoftekMoviesUITests;
				PRODUCT_NAME = "$(TARGET_NAME)";
				SWIFT_EMIT_LOC_STRINGS = NO;
				SWIFT_VERSION = 5.0;
				TARGETED_DEVICE_FAMILY = "1,2";
				TEST_TARGET_NAME = RetoSoftekMovies;
			};
			name = Release;
		};
/* End XCBuildConfiguration section */

/* Begin XCConfigurationList section */
		A906107D2B631ED500EE61D2 /* Build configuration list for PBXProject "RetoSoftekMovies" */ = {
			isa = XCConfigurationList;
			buildConfigurations = (
				A90610AD2B631ED700EE61D2 /* Debug */,
				A90610AE2B631ED700EE61D2 /* Release */,
			);
			defaultConfigurationIsVisible = 0;
			defaultConfigurationName = Release;
		};
		A90610AF2B631ED700EE61D2 /* Build configuration list for PBXNativeTarget "RetoSoftekMovies" */ = {
			isa = XCConfigurationList;
			buildConfigurations = (
				A90610B02B631ED700EE61D2 /* Debug */,
				A90610B12B631ED700EE61D2 /* Release */,
			);
			defaultConfigurationIsVisible = 0;
			defaultConfigurationName = Release;
		};
		A90610B22B631ED700EE61D2 /* Build configuration list for PBXNativeTarget "RetoSoftekMoviesTests" */ = {
			isa = XCConfigurationList;
			buildConfigurations = (
				A90610B32B631ED700EE61D2 /* Debug */,
				A90610B42B631ED700EE61D2 /* Release */,
			);
			defaultConfigurationIsVisible = 0;
			defaultConfigurationName = Release;
		};
		A90610B52B631ED700EE61D2 /* Build configuration list for PBXNativeTarget "RetoSoftekMoviesUITests" */ = {
			isa = XCConfigurationList;
			buildConfigurations = (
				A90610B62B631ED700EE61D2 /* Debug */,
				A90610B72B631ED700EE61D2 /* Release */,
			);
			defaultConfigurationIsVisible = 0;
			defaultConfigurationName = Release;
		};
/* End XCConfigurationList section */

/* Begin XCRemoteSwiftPackageReference section */
		A90610B82B63257F00EE61D2 /* XCRemoteSwiftPackageReference "Alamofire" */ = {
			isa = XCRemoteSwiftPackageReference;
			repositoryURL = "https://github.com/Alamofire/Alamofire";
			requirement = {
				kind = upToNextMajorVersion;
				minimumVersion = 5.8.1;
			};
		};
		A90610BB2B63259C00EE61D2 /* XCRemoteSwiftPackageReference "MBProgressHUD" */ = {
			isa = XCRemoteSwiftPackageReference;
			repositoryURL = "https://github.com/jdg/MBProgressHUD";
			requirement = {
				kind = upToNextMajorVersion;
				minimumVersion = 1.2.0;
			};
		};
		A90610BE2B6325B300EE61D2 /* XCRemoteSwiftPackageReference "Kingfisher" */ = {
			isa = XCRemoteSwiftPackageReference;
			repositoryURL = "https://github.com/onevcat/Kingfisher";
			requirement = {
				kind = upToNextMajorVersion;
				minimumVersion = 7.10.2;
			};
		};
		A9CCAA032B6723AF001A12D4 /* XCRemoteSwiftPackageReference "Reachability" */ = {
			isa = XCRemoteSwiftPackageReference;
			repositoryURL = "https://github.com/ashleymills/Reachability.swift";
			requirement = {
				branch = master;
				kind = branch;
			};
		};
/* End XCRemoteSwiftPackageReference section */

/* Begin XCSwiftPackageProductDependency section */
		A90610B92B63257F00EE61D2 /* Alamofire */ = {
			isa = XCSwiftPackageProductDependency;
			package = A90610B82B63257F00EE61D2 /* XCRemoteSwiftPackageReference "Alamofire" */;
			productName = Alamofire;
		};
		A90610BC2B63259C00EE61D2 /* MBProgressHUD */ = {
			isa = XCSwiftPackageProductDependency;
			package = A90610BB2B63259C00EE61D2 /* XCRemoteSwiftPackageReference "MBProgressHUD" */;
			productName = MBProgressHUD;
		};
		A90610BF2B6325B300EE61D2 /* Kingfisher */ = {
			isa = XCSwiftPackageProductDependency;
			package = A90610BE2B6325B300EE61D2 /* XCRemoteSwiftPackageReference "Kingfisher" */;
			productName = Kingfisher;
		};
		A9CCAA042B6723B0001A12D4 /* Reachability */ = {
			isa = XCSwiftPackageProductDependency;
			package = A9CCAA032B6723AF001A12D4 /* XCRemoteSwiftPackageReference "Reachability" */;
			productName = Reachability;
		};
/* End XCSwiftPackageProductDependency section */

/* Begin XCVersionGroup section */
		A906108E2B631ED500EE61D2 /* RetoSoftekMovies.xcdatamodeld */ = {
			isa = XCVersionGroup;
			children = (
				A906108F2B631ED500EE61D2 /* RetoSoftekMovies.xcdatamodel */,
			);
			currentVersion = A906108F2B631ED500EE61D2 /* RetoSoftekMovies.xcdatamodel */;
			path = RetoSoftekMovies.xcdatamodeld;
			sourceTree = "<group>";
			versionGroupType = wrapper.xcdatamodel;
		};
/* End XCVersionGroup section */
	};
	rootObject = A906107A2B631ED500EE61D2 /* Project object */;
}
